
Microsoft Visual Studio Solution File, Format Version 12.00
# Visual Studio Version 16
VisualStudioVersion = 16.0.31112.23
MinimumVisualStudioVersion = 10.0.40219.1
Project("{FAE04EC0-301F-11D3-BF4B-00C04F79EFBC}") = "Guía N° 5 Complementaria - PED", "Guía N° 5 Complementaria - PED.csproj", "{3D8663A9-36AE-405B-AE6C-76EB7BD86EFC}"
EndProject
Global
	GlobalSection(SolutionConfigurationPlatforms) = preSolution
		Debug|Any CPU = Debug|Any CPU
		Release|Any CPU = Release|Any CPU
	EndGlobalSection
	GlobalSection(ProjectConfigurationPlatforms) = postSolution
		{3D8663A9-36AE-405B-AE6C-76EB7BD86EFC}.Debug|Any CPU.ActiveCfg = Debug|Any CPU
		{3D8663A9-36AE-405B-AE6C-76EB7BD86EFC}.Debug|Any CPU.Build.0 = Debug|Any CPU
		{3D8663A9-36AE-405B-AE6C-76EB7BD86EFC}.Release|Any CPU.ActiveCfg = Release|Any CPU
		{3D8663A9-36AE-405B-AE6C-76EB7BD86EFC}.Release|Any CPU.Build.0 = Release|Any CPU
	EndGlobalSection
	GlobalSection(SolutionProperties) = preSolution
		HideSolutionNode = FALSE
	EndGlobalSection
	GlobalSection(ExtensibilityGlobals) = postSolution
		SolutionGuid = {0B3B8762-32C9-4E2C-86FC-5933E2C50B8C}
	EndGlobalSection
EndGlobal
