
Microsoft Visual Studio Solution File, Format Version 12.00
# Visual Studio Version 16
VisualStudioVersion = 16.0.30907.101
MinimumVisualStudioVersion = 10.0.40219.1
Project("{FAE04EC0-301F-11D3-BF4B-00C04F79EFBC}") = "Pre Guía N°8 - PED", "Pre Guía N°8 - PED.csproj", "{8C1F4A3F-958C-4A28-B93A-502321AFFACE}"
EndProject
Global
	GlobalSection(SolutionConfigurationPlatforms) = preSolution
		Debug|Any CPU = Debug|Any CPU
		Release|Any CPU = Release|Any CPU
	EndGlobalSection
	GlobalSection(ProjectConfigurationPlatforms) = postSolution
		{8C1F4A3F-958C-4A28-B93A-502321AFFACE}.Debug|Any CPU.ActiveCfg = Debug|Any CPU
		{8C1F4A3F-958C-4A28-B93A-502321AFFACE}.Debug|Any CPU.Build.0 = Debug|Any CPU
		{8C1F4A3F-958C-4A28-B93A-502321AFFACE}.Release|Any CPU.ActiveCfg = Release|Any CPU
		{8C1F4A3F-958C-4A28-B93A-502321AFFACE}.Release|Any CPU.Build.0 = Release|Any CPU
	EndGlobalSection
	GlobalSection(SolutionProperties) = preSolution
		HideSolutionNode = FALSE
	EndGlobalSection
	GlobalSection(ExtensibilityGlobals) = postSolution
		SolutionGuid = {6A963B60-210F-47A6-BB7C-E81E670594E2}
	EndGlobalSection
EndGlobal
