
Microsoft Visual Studio Solution File, Format Version 12.00
# Visual Studio Version 16
VisualStudioVersion = 16.0.31205.134
MinimumVisualStudioVersion = 10.0.40219.1
Project("{FAE04EC0-301F-11D3-BF4B-00C04F79EFBC}") = "Guía N° 7 - Complementaria - PED", "Guía N° 7 - Complementaria - PED.csproj", "{F007DFF9-396C-4C72-82E2-7A2A659434E0}"
EndProject
Global
	GlobalSection(SolutionConfigurationPlatforms) = preSolution
		Debug|Any CPU = Debug|Any CPU
		Release|Any CPU = Release|Any CPU
	EndGlobalSection
	GlobalSection(ProjectConfigurationPlatforms) = postSolution
		{F007DFF9-396C-4C72-82E2-7A2A659434E0}.Debug|Any CPU.ActiveCfg = Debug|Any CPU
		{F007DFF9-396C-4C72-82E2-7A2A659434E0}.Debug|Any CPU.Build.0 = Debug|Any CPU
		{F007DFF9-396C-4C72-82E2-7A2A659434E0}.Release|Any CPU.ActiveCfg = Release|Any CPU
		{F007DFF9-396C-4C72-82E2-7A2A659434E0}.Release|Any CPU.Build.0 = Release|Any CPU
	EndGlobalSection
	GlobalSection(SolutionProperties) = preSolution
		HideSolutionNode = FALSE
	EndGlobalSection
	GlobalSection(ExtensibilityGlobals) = postSolution
		SolutionGuid = {2769CAC0-65F2-47AF-B42E-C911DB4B8693}
	EndGlobalSection
EndGlobal
