
Microsoft Visual Studio Solution File, Format Version 12.00
# Visual Studio Version 16
VisualStudioVersion = 16.0.30907.101
MinimumVisualStudioVersion = 10.0.40219.1
Project("{FAE04EC0-301F-11D3-BF4B-00C04F79EFBC}") = "Guía N°5.1 - PED", "Guía N°4.1 - PED\Guía N°5.1 - PED.csproj", "{8864C93F-58F4-4C29-90FF-3ED3E527D7D7}"
EndProject
Global
	GlobalSection(SolutionConfigurationPlatforms) = preSolution
		Debug|Any CPU = Debug|Any CPU
		Release|Any CPU = Release|Any CPU
	EndGlobalSection
	GlobalSection(ProjectConfigurationPlatforms) = postSolution
		{8864C93F-58F4-4C29-90FF-3ED3E527D7D7}.Debug|Any CPU.ActiveCfg = Debug|Any CPU
		{8864C93F-58F4-4C29-90FF-3ED3E527D7D7}.Debug|Any CPU.Build.0 = Debug|Any CPU
		{8864C93F-58F4-4C29-90FF-3ED3E527D7D7}.Release|Any CPU.ActiveCfg = Release|Any CPU
		{8864C93F-58F4-4C29-90FF-3ED3E527D7D7}.Release|Any CPU.Build.0 = Release|Any CPU
	EndGlobalSection
	GlobalSection(SolutionProperties) = preSolution
		HideSolutionNode = FALSE
	EndGlobalSection
	GlobalSection(ExtensibilityGlobals) = postSolution
		SolutionGuid = {5B027499-3ACB-45C5-9195-3FC00934F1FC}
	EndGlobalSection
EndGlobal
